
Microsoft Visual Studio Solution File, Format Version 12.00
# Visual Studio Version 17
VisualStudioVersion = 17.2.32630.192
MinimumVisualStudioVersion = 10.0.40219.1
Project("{9A19103F-16F7-4668-BE54-9A1E7A4F7556}") = "R5T.L0046", "R5T.L0046\R5T.L0046.csproj", "{5846381A-EEE7-443E-9C46-CF627E7A378A}"
EndProject
Project("{9A19103F-16F7-4668-BE54-9A1E7A4F7556}") = "R5T.L0046.O001", "R5T.L0046.O001\R5T.L0046.O001.csproj", "{C7F2D1CE-FED6-4EA6-9BD3-754700026435}"
EndProject
Project("{2150E333-8FDC-42A3-9474-1A3956D46DE8}") = "_Dependencies", "_Dependencies", "{13019678-49A5-4466-B587-0FB497D5FFAD}"
EndProject
Project("{9A19103F-16F7-4668-BE54-9A1E7A4F7556}") = "R5T.F0000", "..\..\R5T.F0000\source\R5T.F0000\R5T.F0000.csproj", "{923AF6B5-E950-4447-AD25-7D58D7F00F3E}"
EndProject
Project("{9A19103F-16F7-4668-BE54-9A1E7A4F7556}") = "R5T.F0002", "..\..\R5T.F0002\source\R5T.F0002\R5T.F0002.csproj", "{B91919D2-52A6-4004-8D9F-BC2B426DBBC1}"
EndProject
Project("{9A19103F-16F7-4668-BE54-9A1E7A4F7556}") = "R5T.F0120", "..\..\R5T.F0120\source\R5T.F0120\R5T.F0120.csproj", "{215D3674-FA2E-4027-93EC-0B47626C6097}"
EndProject
Project("{9A19103F-16F7-4668-BE54-9A1E7A4F7556}") = "R5T.F0124", "..\..\R5T.F0124\source\R5T.F0124\R5T.F0124.csproj", "{02445181-11A4-46C2-8762-FE87E860E962}"
EndProject
Project("{9A19103F-16F7-4668-BE54-9A1E7A4F7556}") = "R5T.F0125", "..\..\R5T.F0125\source\R5T.F0125\R5T.F0125.csproj", "{982200CF-87F1-4BF1-9485-60286C8EAAA2}"
EndProject
Project("{9A19103F-16F7-4668-BE54-9A1E7A4F7556}") = "R5T.L0030.T000", "..\..\R5T.L0030\source\R5T.L0030.T000\R5T.L0030.T000.csproj", "{D04BDBEF-AA0B-46EA-BF2D-1D9AE67056C9}"
EndProject
Project("{9A19103F-16F7-4668-BE54-9A1E7A4F7556}") = "R5T.L0030", "..\..\R5T.L0030\source\R5T.L0030\R5T.L0030.csproj", "{CBC56480-CB71-42F5-97BC-71B20F8B7464}"
EndProject
Project("{9A19103F-16F7-4668-BE54-9A1E7A4F7556}") = "R5T.L0034", "..\..\R5T.L0034\source\R5T.L0034\R5T.L0034.csproj", "{6AA29094-FC1A-48ED-9450-7EFFD82294E2}"
EndProject
Project("{9A19103F-16F7-4668-BE54-9A1E7A4F7556}") = "R5T.L0035", "..\..\R5T.L0035\source\R5T.L0035\R5T.L0035.csproj", "{A9195FC2-E794-498E-BB76-AFC997080E3C}"
EndProject
Project("{9A19103F-16F7-4668-BE54-9A1E7A4F7556}") = "R5T.T0131", "..\..\R5T.T0131\source\R5T.T0131\R5T.T0131.csproj", "{418A27BD-4F97-4A89-BE2E-965F4A9C6269}"
EndProject
Project("{9A19103F-16F7-4668-BE54-9A1E7A4F7556}") = "R5T.T0132", "..\..\R5T.T0132\source\R5T.T0132\R5T.T0132.csproj", "{F51F515A-7E41-4A19-A857-9D745D81789F}"
EndProject
Project("{9A19103F-16F7-4668-BE54-9A1E7A4F7556}") = "R5T.T0142", "..\..\R5T.T0142\source\R5T.T0142\R5T.T0142.csproj", "{439174EB-98BE-4E25-8CD5-0E77C7105D0C}"
EndProject
Project("{9A19103F-16F7-4668-BE54-9A1E7A4F7556}") = "R5T.T0143", "..\..\R5T.T0143\source\R5T.T0143\R5T.T0143.csproj", "{D423A7BF-5B61-4DA5-B335-FD87B3402C16}"
EndProject
Project("{9A19103F-16F7-4668-BE54-9A1E7A4F7556}") = "R5T.T0156", "..\..\R5T.T0156\source\R5T.T0156\R5T.T0156.csproj", "{67AA9C09-61FC-4C86-A5D6-465B28BB3501}"
EndProject
Project("{9A19103F-16F7-4668-BE54-9A1E7A4F7556}") = "R5T.T0174", "..\..\R5T.T0174\source\R5T.T0174\R5T.T0174.csproj", "{876A4847-52C8-4681-8D0D-5357363941A6}"
EndProject
Project("{9A19103F-16F7-4668-BE54-9A1E7A4F7556}") = "R5T.T0176", "..\..\R5T.T0176\source\R5T.T0176\R5T.T0176.csproj", "{6789CD9C-F3A5-4A20-94CA-B491865E7B62}"
EndProject
Project("{9A19103F-16F7-4668-BE54-9A1E7A4F7556}") = "R5T.T0177", "..\..\R5T.T0177\source\R5T.T0177\R5T.T0177.csproj", "{EFD1B62C-9AE0-40A8-B309-F79C03D9150B}"
EndProject
Project("{9A19103F-16F7-4668-BE54-9A1E7A4F7556}") = "R5T.T0178", "..\..\R5T.T0178\source\R5T.T0178\R5T.T0178.csproj", "{5276D37A-84D3-43F2-8BC8-3AAD7318E5C6}"
EndProject
Project("{9A19103F-16F7-4668-BE54-9A1E7A4F7556}") = "R5T.T0179", "..\..\R5T.T0179\source\R5T.T0179\R5T.T0179.csproj", "{EFD34953-D33F-400C-B03F-B24E54D5ED18}"
EndProject
Project("{9A19103F-16F7-4668-BE54-9A1E7A4F7556}") = "R5T.T0180", "..\..\R5T.T0180\source\R5T.T0180\R5T.T0180.csproj", "{19F63D96-8FDF-4FA3-824E-54C866A9CD5D}"
EndProject
Project("{9A19103F-16F7-4668-BE54-9A1E7A4F7556}") = "R5T.T0181", "..\..\R5T.T0181\source\R5T.T0181\R5T.T0181.csproj", "{6C66E7A5-04C2-444D-9208-77F1BCE9649F}"
EndProject
Project("{9A19103F-16F7-4668-BE54-9A1E7A4F7556}") = "R5T.T0185", "..\..\R5T.T0185\source\R5T.T0185\R5T.T0185.csproj", "{58A0123D-03ED-44F3-8A65-82F79F0E1A8A}"
EndProject
Project("{9A19103F-16F7-4668-BE54-9A1E7A4F7556}") = "R5T.Y0000", "..\..\R5T.Y0000\source\R5T.Y0000\R5T.Y0000.csproj", "{6859884B-4367-46F2-9339-31790461AC2B}"
EndProject
Project("{9A19103F-16F7-4668-BE54-9A1E7A4F7556}") = "R5T.Z0000", "..\..\R5T.Z0000\source\R5T.Z0000\R5T.Z0000.csproj", "{00DBD137-8051-4D24-8255-D0D10297AD39}"
EndProject
Project("{9A19103F-16F7-4668-BE54-9A1E7A4F7556}") = "R5T.L0046.T000", "R5T.L0046.T000\R5T.L0046.T000.csproj", "{E447E8FA-BEC2-46D9-B1AB-6ADA9AA90856}"
EndProject
Project("{9A19103F-16F7-4668-BE54-9A1E7A4F7556}") = "R5T.L0046.X000", "R5T.L0046.X000\R5T.L0046.X000.csproj", "{598CC6F9-B896-41FC-A42A-B9EA031893D3}"
EndProject
Project("{9A19103F-16F7-4668-BE54-9A1E7A4F7556}") = "R5T.L0046.S000", "R5T.L0046.S000\R5T.L0046.S000.csproj", "{8BBD245A-70A6-41BA-B8A7-91B8631239BC}"
EndProject
Project("{9A19103F-16F7-4668-BE54-9A1E7A4F7556}") = "R5T.L0046.S000.Library", "R5T.L0046.S000.Library\R5T.L0046.S000.Library.csproj", "{24F06065-838F-40AC-B95A-1CECD57B8693}"
EndProject
Project("{9A19103F-16F7-4668-BE54-9A1E7A4F7556}") = "R5T.T0197", "..\..\R5T.T0197\source\R5T.T0197\R5T.T0197.csproj", "{84251E58-0AE7-43B2-9701-A392F74769CB}"
EndProject
Project("{9A19103F-16F7-4668-BE54-9A1E7A4F7556}") = "R5T.L0043.T000", "..\..\R5T.L0043\source\R5T.L0043.T000\R5T.L0043.T000.csproj", "{E1494B91-0EDB-4A21-A90C-C7BD309F4DB6}"
EndProject
Project("{9A19103F-16F7-4668-BE54-9A1E7A4F7556}") = "R5T.L0043.F000", "..\..\R5T.L0043\source\R5T.L0043.F000\R5T.L0043.F000.csproj", "{20E461BC-CD07-4886-8BB0-B7A066FC226C}"
EndProject
Project("{9A19103F-16F7-4668-BE54-9A1E7A4F7556}") = "R5T.L0043.O001", "..\..\R5T.L0043\source\R5T.L0043.O001\R5T.L0043.O001.csproj", "{164EADC8-B86A-4234-9A26-B29E8FE7D995}"
EndProject
Project("{9A19103F-16F7-4668-BE54-9A1E7A4F7556}") = "R5T.L0043.Z000", "..\..\R5T.L0043\source\R5T.L0043.Z000\R5T.L0043.Z000.csproj", "{F3D6D0CD-5E86-4C54-BFA2-B2DE133CBB09}"
EndProject
Project("{9A19103F-16F7-4668-BE54-9A1E7A4F7556}") = "R5T.L0043.Z002", "..\..\R5T.L0043\source\R5T.L0043.Z002\R5T.L0043.Z002.csproj", "{9263C599-9B80-4572-81A4-8542172D2EF7}"
EndProject
Project("{9A19103F-16F7-4668-BE54-9A1E7A4F7556}") = "R5T.Z0047", "..\..\R5T.Z0047\source\R5T.Z0047\R5T.Z0047.csproj", "{45B017FE-D4C4-4326-9C01-CED4E9AC6B38}"
EndProject
Project("{9A19103F-16F7-4668-BE54-9A1E7A4F7556}") = "R5T.L0043.O002", "..\..\R5T.L0043\source\R5T.L0043.O002\R5T.L0043.O002.csproj", "{28417E35-2E51-411C-BC2E-41D5DA53F675}"
EndProject
Project("{9A19103F-16F7-4668-BE54-9A1E7A4F7556}") = "R5T.L0032.T000", "..\..\R5T.L0032\source\R5T.L0032.T000\R5T.L0032.T000.csproj", "{2E9DF675-0F2E-4E5B-BF08-CBB2D6208995}"
EndProject
Project("{9A19103F-16F7-4668-BE54-9A1E7A4F7556}") = "R5T.T0150", "..\..\R5T.T0150\source\R5T.T0150\R5T.T0150.csproj", "{EE1C48CE-5F11-4468-AC0F-592180D7AAE4}"
EndProject
Project("{9A19103F-16F7-4668-BE54-9A1E7A4F7556}") = "R5T.T0151", "..\..\R5T.T0151\source\R5T.T0151\R5T.T0151.csproj", "{D1DF6F62-0CB2-405F-BB08-A95B48460DE5}"
EndProject
Project("{9A19103F-16F7-4668-BE54-9A1E7A4F7556}") = "R5T.T0161", "..\..\R5T.T0161\source\R5T.T0161\R5T.T0161.csproj", "{B0B32DE0-5E1B-4955-92B8-7FAB96CA421E}"
EndProject
Project("{9A19103F-16F7-4668-BE54-9A1E7A4F7556}") = "R5T.T0172", "..\..\R5T.T0172\source\R5T.T0172\R5T.T0172.csproj", "{EED7E9CC-57FF-49E1-AB4D-DE6C86AEA058}"
EndProject
Project("{9A19103F-16F7-4668-BE54-9A1E7A4F7556}") = "R5T.T0184", "..\..\R5T.T0184\source\R5T.T0184\R5T.T0184.csproj", "{B41D9D95-69CD-4EA3-B4C6-353C8440AA6C}"
EndProject
Project("{9A19103F-16F7-4668-BE54-9A1E7A4F7556}") = "R5T.T0186", "..\..\R5T.T0186\source\R5T.T0186\R5T.T0186.csproj", "{0C02F0B1-CA53-4667-AACD-923244D7EE3E}"
EndProject
Project("{9A19103F-16F7-4668-BE54-9A1E7A4F7556}") = "R5T.T0187", "..\..\R5T.T0187\source\R5T.T0187\R5T.T0187.csproj", "{573B7C49-7614-4807-AC58-24961A516C7A}"
EndProject
Project("{9A19103F-16F7-4668-BE54-9A1E7A4F7556}") = "R5T.T0196", "..\..\R5T.T0196\source\R5T.T0196\R5T.T0196.csproj", "{B9F22F34-3FE3-46AC-882E-B1737A59D6AF}"
EndProject
Project("{9A19103F-16F7-4668-BE54-9A1E7A4F7556}") = "R5T.T0198", "..\..\R5T.T0198\source\R5T.T0198\R5T.T0198.csproj", "{A5F43428-E549-4F71-9D67-5940F0064594}"
EndProject
Project("{9A19103F-16F7-4668-BE54-9A1E7A4F7556}") = "R5T.Z0046", "..\..\R5T.Z0046\source\R5T.Z0046\R5T.Z0046.csproj", "{D5342D26-5849-4EED-A8C1-4BE733FBFF23}"
EndProject
Global
	GlobalSection(NestedProjects) = preSolution
		{923AF6B5-E950-4447-AD25-7D58D7F00F3E} = {13019678-49A5-4466-B587-0FB497D5FFAD}
		{B91919D2-52A6-4004-8D9F-BC2B426DBBC1} = {13019678-49A5-4466-B587-0FB497D5FFAD}
		{215D3674-FA2E-4027-93EC-0B47626C6097} = {13019678-49A5-4466-B587-0FB497D5FFAD}
		{02445181-11A4-46C2-8762-FE87E860E962} = {13019678-49A5-4466-B587-0FB497D5FFAD}
		{982200CF-87F1-4BF1-9485-60286C8EAAA2} = {13019678-49A5-4466-B587-0FB497D5FFAD}
		{D04BDBEF-AA0B-46EA-BF2D-1D9AE67056C9} = {13019678-49A5-4466-B587-0FB497D5FFAD}
		{CBC56480-CB71-42F5-97BC-71B20F8B7464} = {13019678-49A5-4466-B587-0FB497D5FFAD}
		{6AA29094-FC1A-48ED-9450-7EFFD82294E2} = {13019678-49A5-4466-B587-0FB497D5FFAD}
		{A9195FC2-E794-498E-BB76-AFC997080E3C} = {13019678-49A5-4466-B587-0FB497D5FFAD}
		{418A27BD-4F97-4A89-BE2E-965F4A9C6269} = {13019678-49A5-4466-B587-0FB497D5FFAD}
		{F51F515A-7E41-4A19-A857-9D745D81789F} = {13019678-49A5-4466-B587-0FB497D5FFAD}
		{439174EB-98BE-4E25-8CD5-0E77C7105D0C} = {13019678-49A5-4466-B587-0FB497D5FFAD}
		{D423A7BF-5B61-4DA5-B335-FD87B3402C16} = {13019678-49A5-4466-B587-0FB497D5FFAD}
		{67AA9C09-61FC-4C86-A5D6-465B28BB3501} = {13019678-49A5-4466-B587-0FB497D5FFAD}
		{876A4847-52C8-4681-8D0D-5357363941A6} = {13019678-49A5-4466-B587-0FB497D5FFAD}
		{6789CD9C-F3A5-4A20-94CA-B491865E7B62} = {13019678-49A5-4466-B587-0FB497D5FFAD}
		{EFD1B62C-9AE0-40A8-B309-F79C03D9150B} = {13019678-49A5-4466-B587-0FB497D5FFAD}
		{5276D37A-84D3-43F2-8BC8-3AAD7318E5C6} = {13019678-49A5-4466-B587-0FB497D5FFAD}
		{EFD34953-D33F-400C-B03F-B24E54D5ED18} = {13019678-49A5-4466-B587-0FB497D5FFAD}
		{19F63D96-8FDF-4FA3-824E-54C866A9CD5D} = {13019678-49A5-4466-B587-0FB497D5FFAD}
		{6C66E7A5-04C2-444D-9208-77F1BCE9649F} = {13019678-49A5-4466-B587-0FB497D5FFAD}
		{58A0123D-03ED-44F3-8A65-82F79F0E1A8A} = {13019678-49A5-4466-B587-0FB497D5FFAD}
		{6859884B-4367-46F2-9339-31790461AC2B} = {13019678-49A5-4466-B587-0FB497D5FFAD}
		{00DBD137-8051-4D24-8255-D0D10297AD39} = {13019678-49A5-4466-B587-0FB497D5FFAD}
		{84251E58-0AE7-43B2-9701-A392F74769CB} = {13019678-49A5-4466-B587-0FB497D5FFAD}
		{E1494B91-0EDB-4A21-A90C-C7BD309F4DB6} = {13019678-49A5-4466-B587-0FB497D5FFAD}
		{20E461BC-CD07-4886-8BB0-B7A066FC226C} = {13019678-49A5-4466-B587-0FB497D5FFAD}
		{164EADC8-B86A-4234-9A26-B29E8FE7D995} = {13019678-49A5-4466-B587-0FB497D5FFAD}
		{F3D6D0CD-5E86-4C54-BFA2-B2DE133CBB09} = {13019678-49A5-4466-B587-0FB497D5FFAD}
		{9263C599-9B80-4572-81A4-8542172D2EF7} = {13019678-49A5-4466-B587-0FB497D5FFAD}
		{45B017FE-D4C4-4326-9C01-CED4E9AC6B38} = {13019678-49A5-4466-B587-0FB497D5FFAD}
		{28417E35-2E51-411C-BC2E-41D5DA53F675} = {13019678-49A5-4466-B587-0FB497D5FFAD}
		{2E9DF675-0F2E-4E5B-BF08-CBB2D6208995} = {13019678-49A5-4466-B587-0FB497D5FFAD}
		{EE1C48CE-5F11-4468-AC0F-592180D7AAE4} = {13019678-49A5-4466-B587-0FB497D5FFAD}
		{D1DF6F62-0CB2-405F-BB08-A95B48460DE5} = {13019678-49A5-4466-B587-0FB497D5FFAD}
		{B0B32DE0-5E1B-4955-92B8-7FAB96CA421E} = {13019678-49A5-4466-B587-0FB497D5FFAD}
		{EED7E9CC-57FF-49E1-AB4D-DE6C86AEA058} = {13019678-49A5-4466-B587-0FB497D5FFAD}
		{B41D9D95-69CD-4EA3-B4C6-353C8440AA6C} = {13019678-49A5-4466-B587-0FB497D5FFAD}
		{0C02F0B1-CA53-4667-AACD-923244D7EE3E} = {13019678-49A5-4466-B587-0FB497D5FFAD}
		{573B7C49-7614-4807-AC58-24961A516C7A} = {13019678-49A5-4466-B587-0FB497D5FFAD}
		{B9F22F34-3FE3-46AC-882E-B1737A59D6AF} = {13019678-49A5-4466-B587-0FB497D5FFAD}
		{A5F43428-E549-4F71-9D67-5940F0064594} = {13019678-49A5-4466-B587-0FB497D5FFAD}
		{D5342D26-5849-4EED-A8C1-4BE733FBFF23} = {13019678-49A5-4466-B587-0FB497D5FFAD}
	EndGlobalSection
	GlobalSection(SolutionConfigurationPlatforms) = preSolution
		Debug|Any CPU = Debug|Any CPU
		Release|Any CPU = Release|Any CPU
	EndGlobalSection
	GlobalSection(ProjectConfigurationPlatforms) = postSolution
		{5846381A-EEE7-443E-9C46-CF627E7A378A}.Debug|Any CPU.ActiveCfg = Debug|Any CPU
		{5846381A-EEE7-443E-9C46-CF627E7A378A}.Debug|Any CPU.Build.0 = Debug|Any CPU
		{5846381A-EEE7-443E-9C46-CF627E7A378A}.Release|Any CPU.ActiveCfg = Release|Any CPU
		{5846381A-EEE7-443E-9C46-CF627E7A378A}.Release|Any CPU.Build.0 = Release|Any CPU
		{C7F2D1CE-FED6-4EA6-9BD3-754700026435}.Debug|Any CPU.ActiveCfg = Debug|Any CPU
		{C7F2D1CE-FED6-4EA6-9BD3-754700026435}.Debug|Any CPU.Build.0 = Debug|Any CPU
		{C7F2D1CE-FED6-4EA6-9BD3-754700026435}.Release|Any CPU.ActiveCfg = Release|Any CPU
		{C7F2D1CE-FED6-4EA6-9BD3-754700026435}.Release|Any CPU.Build.0 = Release|Any CPU
		{923AF6B5-E950-4447-AD25-7D58D7F00F3E}.Debug|Any CPU.ActiveCfg = Debug|Any CPU
		{923AF6B5-E950-4447-AD25-7D58D7F00F3E}.Debug|Any CPU.Build.0 = Debug|Any CPU
		{923AF6B5-E950-4447-AD25-7D58D7F00F3E}.Release|Any CPU.ActiveCfg = Release|Any CPU
		{923AF6B5-E950-4447-AD25-7D58D7F00F3E}.Release|Any CPU.Build.0 = Release|Any CPU
		{B91919D2-52A6-4004-8D9F-BC2B426DBBC1}.Debug|Any CPU.ActiveCfg = Debug|Any CPU
		{B91919D2-52A6-4004-8D9F-BC2B426DBBC1}.Debug|Any CPU.Build.0 = Debug|Any CPU
		{B91919D2-52A6-4004-8D9F-BC2B426DBBC1}.Release|Any CPU.ActiveCfg = Release|Any CPU
		{B91919D2-52A6-4004-8D9F-BC2B426DBBC1}.Release|Any CPU.Build.0 = Release|Any CPU
		{215D3674-FA2E-4027-93EC-0B47626C6097}.Debug|Any CPU.ActiveCfg = Debug|Any CPU
		{215D3674-FA2E-4027-93EC-0B47626C6097}.Debug|Any CPU.Build.0 = Debug|Any CPU
		{215D3674-FA2E-4027-93EC-0B47626C6097}.Release|Any CPU.ActiveCfg = Release|Any CPU
		{215D3674-FA2E-4027-93EC-0B47626C6097}.Release|Any CPU.Build.0 = Release|Any CPU
		{02445181-11A4-46C2-8762-FE87E860E962}.Debug|Any CPU.ActiveCfg = Debug|Any CPU
		{02445181-11A4-46C2-8762-FE87E860E962}.Debug|Any CPU.Build.0 = Debug|Any CPU
		{02445181-11A4-46C2-8762-FE87E860E962}.Release|Any CPU.ActiveCfg = Release|Any CPU
		{02445181-11A4-46C2-8762-FE87E860E962}.Release|Any CPU.Build.0 = Release|Any CPU
		{982200CF-87F1-4BF1-9485-60286C8EAAA2}.Debug|Any CPU.ActiveCfg = Debug|Any CPU
		{982200CF-87F1-4BF1-9485-60286C8EAAA2}.Debug|Any CPU.Build.0 = Debug|Any CPU
		{982200CF-87F1-4BF1-9485-60286C8EAAA2}.Release|Any CPU.ActiveCfg = Release|Any CPU
		{982200CF-87F1-4BF1-9485-60286C8EAAA2}.Release|Any CPU.Build.0 = Release|Any CPU
		{D04BDBEF-AA0B-46EA-BF2D-1D9AE67056C9}.Debug|Any CPU.ActiveCfg = Debug|Any CPU
		{D04BDBEF-AA0B-46EA-BF2D-1D9AE67056C9}.Debug|Any CPU.Build.0 = Debug|Any CPU
		{D04BDBEF-AA0B-46EA-BF2D-1D9AE67056C9}.Release|Any CPU.ActiveCfg = Release|Any CPU
		{D04BDBEF-AA0B-46EA-BF2D-1D9AE67056C9}.Release|Any CPU.Build.0 = Release|Any CPU
		{CBC56480-CB71-42F5-97BC-71B20F8B7464}.Debug|Any CPU.ActiveCfg = Debug|Any CPU
		{CBC56480-CB71-42F5-97BC-71B20F8B7464}.Debug|Any CPU.Build.0 = Debug|Any CPU
		{CBC56480-CB71-42F5-97BC-71B20F8B7464}.Release|Any CPU.ActiveCfg = Release|Any CPU
		{CBC56480-CB71-42F5-97BC-71B20F8B7464}.Release|Any CPU.Build.0 = Release|Any CPU
		{6AA29094-FC1A-48ED-9450-7EFFD82294E2}.Debug|Any CPU.ActiveCfg = Debug|Any CPU
		{6AA29094-FC1A-48ED-9450-7EFFD82294E2}.Debug|Any CPU.Build.0 = Debug|Any CPU
		{6AA29094-FC1A-48ED-9450-7EFFD82294E2}.Release|Any CPU.ActiveCfg = Release|Any CPU
		{6AA29094-FC1A-48ED-9450-7EFFD82294E2}.Release|Any CPU.Build.0 = Release|Any CPU
		{A9195FC2-E794-498E-BB76-AFC997080E3C}.Debug|Any CPU.ActiveCfg = Debug|Any CPU
		{A9195FC2-E794-498E-BB76-AFC997080E3C}.Debug|Any CPU.Build.0 = Debug|Any CPU
		{A9195FC2-E794-498E-BB76-AFC997080E3C}.Release|Any CPU.ActiveCfg = Release|Any CPU
		{A9195FC2-E794-498E-BB76-AFC997080E3C}.Release|Any CPU.Build.0 = Release|Any CPU
		{418A27BD-4F97-4A89-BE2E-965F4A9C6269}.Debug|Any CPU.ActiveCfg = Debug|Any CPU
		{418A27BD-4F97-4A89-BE2E-965F4A9C6269}.Debug|Any CPU.Build.0 = Debug|Any CPU
		{418A27BD-4F97-4A89-BE2E-965F4A9C6269}.Release|Any CPU.ActiveCfg = Release|Any CPU
		{418A27BD-4F97-4A89-BE2E-965F4A9C6269}.Release|Any CPU.Build.0 = Release|Any CPU
		{F51F515A-7E41-4A19-A857-9D745D81789F}.Debug|Any CPU.ActiveCfg = Debug|Any CPU
		{F51F515A-7E41-4A19-A857-9D745D81789F}.Debug|Any CPU.Build.0 = Debug|Any CPU
		{F51F515A-7E41-4A19-A857-9D745D81789F}.Release|Any CPU.ActiveCfg = Release|Any CPU
		{F51F515A-7E41-4A19-A857-9D745D81789F}.Release|Any CPU.Build.0 = Release|Any CPU
		{439174EB-98BE-4E25-8CD5-0E77C7105D0C}.Debug|Any CPU.ActiveCfg = Debug|Any CPU
		{439174EB-98BE-4E25-8CD5-0E77C7105D0C}.Debug|Any CPU.Build.0 = Debug|Any CPU
		{439174EB-98BE-4E25-8CD5-0E77C7105D0C}.Release|Any CPU.ActiveCfg = Release|Any CPU
		{439174EB-98BE-4E25-8CD5-0E77C7105D0C}.Release|Any CPU.Build.0 = Release|Any CPU
		{D423A7BF-5B61-4DA5-B335-FD87B3402C16}.Debug|Any CPU.ActiveCfg = Debug|Any CPU
		{D423A7BF-5B61-4DA5-B335-FD87B3402C16}.Debug|Any CPU.Build.0 = Debug|Any CPU
		{D423A7BF-5B61-4DA5-B335-FD87B3402C16}.Release|Any CPU.ActiveCfg = Release|Any CPU
		{D423A7BF-5B61-4DA5-B335-FD87B3402C16}.Release|Any CPU.Build.0 = Release|Any CPU
		{67AA9C09-61FC-4C86-A5D6-465B28BB3501}.Debug|Any CPU.ActiveCfg = Debug|Any CPU
		{67AA9C09-61FC-4C86-A5D6-465B28BB3501}.Debug|Any CPU.Build.0 = Debug|Any CPU
		{67AA9C09-61FC-4C86-A5D6-465B28BB3501}.Release|Any CPU.ActiveCfg = Release|Any CPU
		{67AA9C09-61FC-4C86-A5D6-465B28BB3501}.Release|Any CPU.Build.0 = Release|Any CPU
		{876A4847-52C8-4681-8D0D-5357363941A6}.Debug|Any CPU.ActiveCfg = Debug|Any CPU
		{876A4847-52C8-4681-8D0D-5357363941A6}.Debug|Any CPU.Build.0 = Debug|Any CPU
		{876A4847-52C8-4681-8D0D-5357363941A6}.Release|Any CPU.ActiveCfg = Release|Any CPU
		{876A4847-52C8-4681-8D0D-5357363941A6}.Release|Any CPU.Build.0 = Release|Any CPU
		{6789CD9C-F3A5-4A20-94CA-B491865E7B62}.Debug|Any CPU.ActiveCfg = Debug|Any CPU
		{6789CD9C-F3A5-4A20-94CA-B491865E7B62}.Debug|Any CPU.Build.0 = Debug|Any CPU
		{6789CD9C-F3A5-4A20-94CA-B491865E7B62}.Release|Any CPU.ActiveCfg = Release|Any CPU
		{6789CD9C-F3A5-4A20-94CA-B491865E7B62}.Release|Any CPU.Build.0 = Release|Any CPU
		{EFD1B62C-9AE0-40A8-B309-F79C03D9150B}.Debug|Any CPU.ActiveCfg = Debug|Any CPU
		{EFD1B62C-9AE0-40A8-B309-F79C03D9150B}.Debug|Any CPU.Build.0 = Debug|Any CPU
		{EFD1B62C-9AE0-40A8-B309-F79C03D9150B}.Release|Any CPU.ActiveCfg = Release|Any CPU
		{EFD1B62C-9AE0-40A8-B309-F79C03D9150B}.Release|Any CPU.Build.0 = Release|Any CPU
		{5276D37A-84D3-43F2-8BC8-3AAD7318E5C6}.Debug|Any CPU.ActiveCfg = Debug|Any CPU
		{5276D37A-84D3-43F2-8BC8-3AAD7318E5C6}.Debug|Any CPU.Build.0 = Debug|Any CPU
		{5276D37A-84D3-43F2-8BC8-3AAD7318E5C6}.Release|Any CPU.ActiveCfg = Release|Any CPU
		{5276D37A-84D3-43F2-8BC8-3AAD7318E5C6}.Release|Any CPU.Build.0 = Release|Any CPU
		{EFD34953-D33F-400C-B03F-B24E54D5ED18}.Debug|Any CPU.ActiveCfg = Debug|Any CPU
		{EFD34953-D33F-400C-B03F-B24E54D5ED18}.Debug|Any CPU.Build.0 = Debug|Any CPU
		{EFD34953-D33F-400C-B03F-B24E54D5ED18}.Release|Any CPU.ActiveCfg = Release|Any CPU
		{EFD34953-D33F-400C-B03F-B24E54D5ED18}.Release|Any CPU.Build.0 = Release|Any CPU
		{19F63D96-8FDF-4FA3-824E-54C866A9CD5D}.Debug|Any CPU.ActiveCfg = Debug|Any CPU
		{19F63D96-8FDF-4FA3-824E-54C866A9CD5D}.Debug|Any CPU.Build.0 = Debug|Any CPU
		{19F63D96-8FDF-4FA3-824E-54C866A9CD5D}.Release|Any CPU.ActiveCfg = Release|Any CPU
		{19F63D96-8FDF-4FA3-824E-54C866A9CD5D}.Release|Any CPU.Build.0 = Release|Any CPU
		{6C66E7A5-04C2-444D-9208-77F1BCE9649F}.Debug|Any CPU.ActiveCfg = Debug|Any CPU
		{6C66E7A5-04C2-444D-9208-77F1BCE9649F}.Debug|Any CPU.Build.0 = Debug|Any CPU
		{6C66E7A5-04C2-444D-9208-77F1BCE9649F}.Release|Any CPU.ActiveCfg = Release|Any CPU
		{6C66E7A5-04C2-444D-9208-77F1BCE9649F}.Release|Any CPU.Build.0 = Release|Any CPU
		{58A0123D-03ED-44F3-8A65-82F79F0E1A8A}.Debug|Any CPU.ActiveCfg = Debug|Any CPU
		{58A0123D-03ED-44F3-8A65-82F79F0E1A8A}.Debug|Any CPU.Build.0 = Debug|Any CPU
		{58A0123D-03ED-44F3-8A65-82F79F0E1A8A}.Release|Any CPU.ActiveCfg = Release|Any CPU
		{58A0123D-03ED-44F3-8A65-82F79F0E1A8A}.Release|Any CPU.Build.0 = Release|Any CPU
		{6859884B-4367-46F2-9339-31790461AC2B}.Debug|Any CPU.ActiveCfg = Debug|Any CPU
		{6859884B-4367-46F2-9339-31790461AC2B}.Debug|Any CPU.Build.0 = Debug|Any CPU
		{6859884B-4367-46F2-9339-31790461AC2B}.Release|Any CPU.ActiveCfg = Release|Any CPU
		{6859884B-4367-46F2-9339-31790461AC2B}.Release|Any CPU.Build.0 = Release|Any CPU
		{00DBD137-8051-4D24-8255-D0D10297AD39}.Debug|Any CPU.ActiveCfg = Debug|Any CPU
		{00DBD137-8051-4D24-8255-D0D10297AD39}.Debug|Any CPU.Build.0 = Debug|Any CPU
		{00DBD137-8051-4D24-8255-D0D10297AD39}.Release|Any CPU.ActiveCfg = Release|Any CPU
		{00DBD137-8051-4D24-8255-D0D10297AD39}.Release|Any CPU.Build.0 = Release|Any CPU
		{E447E8FA-BEC2-46D9-B1AB-6ADA9AA90856}.Debug|Any CPU.ActiveCfg = Debug|Any CPU
		{E447E8FA-BEC2-46D9-B1AB-6ADA9AA90856}.Debug|Any CPU.Build.0 = Debug|Any CPU
		{E447E8FA-BEC2-46D9-B1AB-6ADA9AA90856}.Release|Any CPU.ActiveCfg = Release|Any CPU
		{E447E8FA-BEC2-46D9-B1AB-6ADA9AA90856}.Release|Any CPU.Build.0 = Release|Any CPU
		{598CC6F9-B896-41FC-A42A-B9EA031893D3}.Debug|Any CPU.ActiveCfg = Debug|Any CPU
		{598CC6F9-B896-41FC-A42A-B9EA031893D3}.Debug|Any CPU.Build.0 = Debug|Any CPU
		{598CC6F9-B896-41FC-A42A-B9EA031893D3}.Release|Any CPU.ActiveCfg = Release|Any CPU
		{598CC6F9-B896-41FC-A42A-B9EA031893D3}.Release|Any CPU.Build.0 = Release|Any CPU
		{8BBD245A-70A6-41BA-B8A7-91B8631239BC}.Debug|Any CPU.ActiveCfg = Debug|Any CPU
		{8BBD245A-70A6-41BA-B8A7-91B8631239BC}.Debug|Any CPU.Build.0 = Debug|Any CPU
		{8BBD245A-70A6-41BA-B8A7-91B8631239BC}.Release|Any CPU.ActiveCfg = Release|Any CPU
		{8BBD245A-70A6-41BA-B8A7-91B8631239BC}.Release|Any CPU.Build.0 = Release|Any CPU
		{24F06065-838F-40AC-B95A-1CECD57B8693}.Debug|Any CPU.ActiveCfg = Debug|Any CPU
		{24F06065-838F-40AC-B95A-1CECD57B8693}.Debug|Any CPU.Build.0 = Debug|Any CPU
		{24F06065-838F-40AC-B95A-1CECD57B8693}.Release|Any CPU.ActiveCfg = Release|Any CPU
		{24F06065-838F-40AC-B95A-1CECD57B8693}.Release|Any CPU.Build.0 = Release|Any CPU
		{84251E58-0AE7-43B2-9701-A392F74769CB}.Debug|Any CPU.ActiveCfg = Debug|Any CPU
		{84251E58-0AE7-43B2-9701-A392F74769CB}.Debug|Any CPU.Build.0 = Debug|Any CPU
		{84251E58-0AE7-43B2-9701-A392F74769CB}.Release|Any CPU.ActiveCfg = Release|Any CPU
		{84251E58-0AE7-43B2-9701-A392F74769CB}.Release|Any CPU.Build.0 = Release|Any CPU
		{E1494B91-0EDB-4A21-A90C-C7BD309F4DB6}.Debug|Any CPU.ActiveCfg = Debug|Any CPU
		{E1494B91-0EDB-4A21-A90C-C7BD309F4DB6}.Debug|Any CPU.Build.0 = Debug|Any CPU
		{E1494B91-0EDB-4A21-A90C-C7BD309F4DB6}.Release|Any CPU.ActiveCfg = Release|Any CPU
		{E1494B91-0EDB-4A21-A90C-C7BD309F4DB6}.Release|Any CPU.Build.0 = Release|Any CPU
		{20E461BC-CD07-4886-8BB0-B7A066FC226C}.Debug|Any CPU.ActiveCfg = Debug|Any CPU
		{20E461BC-CD07-4886-8BB0-B7A066FC226C}.Debug|Any CPU.Build.0 = Debug|Any CPU
		{20E461BC-CD07-4886-8BB0-B7A066FC226C}.Release|Any CPU.ActiveCfg = Release|Any CPU
		{20E461BC-CD07-4886-8BB0-B7A066FC226C}.Release|Any CPU.Build.0 = Release|Any CPU
		{164EADC8-B86A-4234-9A26-B29E8FE7D995}.Debug|Any CPU.ActiveCfg = Debug|Any CPU
		{164EADC8-B86A-4234-9A26-B29E8FE7D995}.Debug|Any CPU.Build.0 = Debug|Any CPU
		{164EADC8-B86A-4234-9A26-B29E8FE7D995}.Release|Any CPU.ActiveCfg = Release|Any CPU
		{164EADC8-B86A-4234-9A26-B29E8FE7D995}.Release|Any CPU.Build.0 = Release|Any CPU
		{F3D6D0CD-5E86-4C54-BFA2-B2DE133CBB09}.Debug|Any CPU.ActiveCfg = Debug|Any CPU
		{F3D6D0CD-5E86-4C54-BFA2-B2DE133CBB09}.Debug|Any CPU.Build.0 = Debug|Any CPU
		{F3D6D0CD-5E86-4C54-BFA2-B2DE133CBB09}.Release|Any CPU.ActiveCfg = Release|Any CPU
		{F3D6D0CD-5E86-4C54-BFA2-B2DE133CBB09}.Release|Any CPU.Build.0 = Release|Any CPU
		{9263C599-9B80-4572-81A4-8542172D2EF7}.Debug|Any CPU.ActiveCfg = Debug|Any CPU
		{9263C599-9B80-4572-81A4-8542172D2EF7}.Debug|Any CPU.Build.0 = Debug|Any CPU
		{9263C599-9B80-4572-81A4-8542172D2EF7}.Release|Any CPU.ActiveCfg = Release|Any CPU
		{9263C599-9B80-4572-81A4-8542172D2EF7}.Release|Any CPU.Build.0 = Release|Any CPU
		{45B017FE-D4C4-4326-9C01-CED4E9AC6B38}.Debug|Any CPU.ActiveCfg = Debug|Any CPU
		{45B017FE-D4C4-4326-9C01-CED4E9AC6B38}.Debug|Any CPU.Build.0 = Debug|Any CPU
		{45B017FE-D4C4-4326-9C01-CED4E9AC6B38}.Release|Any CPU.ActiveCfg = Release|Any CPU
		{45B017FE-D4C4-4326-9C01-CED4E9AC6B38}.Release|Any CPU.Build.0 = Release|Any CPU
		{28417E35-2E51-411C-BC2E-41D5DA53F675}.Debug|Any CPU.ActiveCfg = Debug|Any CPU
		{28417E35-2E51-411C-BC2E-41D5DA53F675}.Debug|Any CPU.Build.0 = Debug|Any CPU
		{28417E35-2E51-411C-BC2E-41D5DA53F675}.Release|Any CPU.ActiveCfg = Release|Any CPU
		{28417E35-2E51-411C-BC2E-41D5DA53F675}.Release|Any CPU.Build.0 = Release|Any CPU
		{2E9DF675-0F2E-4E5B-BF08-CBB2D6208995}.Debug|Any CPU.ActiveCfg = Debug|Any CPU
		{2E9DF675-0F2E-4E5B-BF08-CBB2D6208995}.Debug|Any CPU.Build.0 = Debug|Any CPU
		{2E9DF675-0F2E-4E5B-BF08-CBB2D6208995}.Release|Any CPU.ActiveCfg = Release|Any CPU
		{2E9DF675-0F2E-4E5B-BF08-CBB2D6208995}.Release|Any CPU.Build.0 = Release|Any CPU
		{EE1C48CE-5F11-4468-AC0F-592180D7AAE4}.Debug|Any CPU.ActiveCfg = Debug|Any CPU
		{EE1C48CE-5F11-4468-AC0F-592180D7AAE4}.Debug|Any CPU.Build.0 = Debug|Any CPU
		{EE1C48CE-5F11-4468-AC0F-592180D7AAE4}.Release|Any CPU.ActiveCfg = Release|Any CPU
		{EE1C48CE-5F11-4468-AC0F-592180D7AAE4}.Release|Any CPU.Build.0 = Release|Any CPU
		{D1DF6F62-0CB2-405F-BB08-A95B48460DE5}.Debug|Any CPU.ActiveCfg = Debug|Any CPU
		{D1DF6F62-0CB2-405F-BB08-A95B48460DE5}.Debug|Any CPU.Build.0 = Debug|Any CPU
		{D1DF6F62-0CB2-405F-BB08-A95B48460DE5}.Release|Any CPU.ActiveCfg = Release|Any CPU
		{D1DF6F62-0CB2-405F-BB08-A95B48460DE5}.Release|Any CPU.Build.0 = Release|Any CPU
		{B0B32DE0-5E1B-4955-92B8-7FAB96CA421E}.Debug|Any CPU.ActiveCfg = Debug|Any CPU
		{B0B32DE0-5E1B-4955-92B8-7FAB96CA421E}.Debug|Any CPU.Build.0 = Debug|Any CPU
		{B0B32DE0-5E1B-4955-92B8-7FAB96CA421E}.Release|Any CPU.ActiveCfg = Release|Any CPU
		{B0B32DE0-5E1B-4955-92B8-7FAB96CA421E}.Release|Any CPU.Build.0 = Release|Any CPU
		{EED7E9CC-57FF-49E1-AB4D-DE6C86AEA058}.Debug|Any CPU.ActiveCfg = Debug|Any CPU
		{EED7E9CC-57FF-49E1-AB4D-DE6C86AEA058}.Debug|Any CPU.Build.0 = Debug|Any CPU
		{EED7E9CC-57FF-49E1-AB4D-DE6C86AEA058}.Release|Any CPU.ActiveCfg = Release|Any CPU
		{EED7E9CC-57FF-49E1-AB4D-DE6C86AEA058}.Release|Any CPU.Build.0 = Release|Any CPU
		{B41D9D95-69CD-4EA3-B4C6-353C8440AA6C}.Debug|Any CPU.ActiveCfg = Debug|Any CPU
		{B41D9D95-69CD-4EA3-B4C6-353C8440AA6C}.Debug|Any CPU.Build.0 = Debug|Any CPU
		{B41D9D95-69CD-4EA3-B4C6-353C8440AA6C}.Release|Any CPU.ActiveCfg = Release|Any CPU
		{B41D9D95-69CD-4EA3-B4C6-353C8440AA6C}.Release|Any CPU.Build.0 = Release|Any CPU
		{0C02F0B1-CA53-4667-AACD-923244D7EE3E}.Debug|Any CPU.ActiveCfg = Debug|Any CPU
		{0C02F0B1-CA53-4667-AACD-923244D7EE3E}.Debug|Any CPU.Build.0 = Debug|Any CPU
		{0C02F0B1-CA53-4667-AACD-923244D7EE3E}.Release|Any CPU.ActiveCfg = Release|Any CPU
		{0C02F0B1-CA53-4667-AACD-923244D7EE3E}.Release|Any CPU.Build.0 = Release|Any CPU
		{573B7C49-7614-4807-AC58-24961A516C7A}.Debug|Any CPU.ActiveCfg = Debug|Any CPU
		{573B7C49-7614-4807-AC58-24961A516C7A}.Debug|Any CPU.Build.0 = Debug|Any CPU
		{573B7C49-7614-4807-AC58-24961A516C7A}.Release|Any CPU.ActiveCfg = Release|Any CPU
		{573B7C49-7614-4807-AC58-24961A516C7A}.Release|Any CPU.Build.0 = Release|Any CPU
		{B9F22F34-3FE3-46AC-882E-B1737A59D6AF}.Debug|Any CPU.ActiveCfg = Debug|Any CPU
		{B9F22F34-3FE3-46AC-882E-B1737A59D6AF}.Debug|Any CPU.Build.0 = Debug|Any CPU
		{B9F22F34-3FE3-46AC-882E-B1737A59D6AF}.Release|Any CPU.ActiveCfg = Release|Any CPU
		{B9F22F34-3FE3-46AC-882E-B1737A59D6AF}.Release|Any CPU.Build.0 = Release|Any CPU
		{A5F43428-E549-4F71-9D67-5940F0064594}.Debug|Any CPU.ActiveCfg = Debug|Any CPU
		{A5F43428-E549-4F71-9D67-5940F0064594}.Debug|Any CPU.Build.0 = Debug|Any CPU
		{A5F43428-E549-4F71-9D67-5940F0064594}.Release|Any CPU.ActiveCfg = Release|Any CPU
		{A5F43428-E549-4F71-9D67-5940F0064594}.Release|Any CPU.Build.0 = Release|Any CPU
		{D5342D26-5849-4EED-A8C1-4BE733FBFF23}.Debug|Any CPU.ActiveCfg = Debug|Any CPU
		{D5342D26-5849-4EED-A8C1-4BE733FBFF23}.Debug|Any CPU.Build.0 = Debug|Any CPU
		{D5342D26-5849-4EED-A8C1-4BE733FBFF23}.Release|Any CPU.ActiveCfg = Release|Any CPU
		{D5342D26-5849-4EED-A8C1-4BE733FBFF23}.Release|Any CPU.Build.0 = Release|Any CPU
	EndGlobalSection
	GlobalSection(SolutionProperties) = preSolution
		HideSolutionNode = FALSE
	EndGlobalSection
	GlobalSection(ExtensibilityGlobals) = postSolution
		SolutionGuid = {D33B6856-9E21-4C79-861C-EC42E47B8E6D}
	EndGlobalSection
EndGlobal
