
Microsoft Visual Studio Solution File, Format Version 12.00
# Visual Studio Version 17
VisualStudioVersion = 17.2.32630.192
MinimumVisualStudioVersion = 10.0.40219.1
Project("{9A19103F-16F7-4668-BE54-9A1E7A4F7556}") = "R5T.L0046", "R5T.L0046\R5T.L0046.csproj", "{5846381A-EEE7-443E-9C46-CF627E7A378A}"
EndProject
Project("{9A19103F-16F7-4668-BE54-9A1E7A4F7556}") = "R5T.L0046.O001", "R5T.L0046.O001\R5T.L0046.O001.csproj", "{C7F2D1CE-FED6-4EA6-9BD3-754700026435}"
EndProject
Project("{2150E333-8FDC-42A3-9474-1A3956D46DE8}") = "_Dependencies", "_Dependencies", "{13019678-49A5-4466-B587-0FB497D5FFAD}"
EndProject
Project("{9A19103F-16F7-4668-BE54-9A1E7A4F7556}") = "R5T.F0000", "..\..\R5T.F0000\source\R5T.F0000\R5T.F0000.csproj", "{923AF6B5-E950-4447-AD25-7D58D7F00F3E}"
EndProject
Project("{9A19103F-16F7-4668-BE54-9A1E7A4F7556}") = "R5T.F0002", "..\..\R5T.F0002\source\R5T.F0002\R5T.F0002.csproj", "{B91919D2-52A6-4004-8D9F-BC2B426DBBC1}"
EndProject
Project("{9A19103F-16F7-4668-BE54-9A1E7A4F7556}") = "R5T.F0120", "..\..\R5T.F0120\source\R5T.F0120\R5T.F0120.csproj", "{215D3674-FA2E-4027-93EC-0B47626C6097}"
EndProject
Project("{9A19103F-16F7-4668-BE54-9A1E7A4F7556}") = "R5T.F0124", "..\..\R5T.F0124\source\R5T.F0124\R5T.F0124.csproj", "{02445181-11A4-46C2-8762-FE87E860E962}"
EndProject
Project("{9A19103F-16F7-4668-BE54-9A1E7A4F7556}") = "R5T.F0125", "..\..\R5T.F0125\source\R5T.F0125\R5T.F0125.csproj", "{982200CF-87F1-4BF1-9485-60286C8EAAA2}"
EndProject
Project("{9A19103F-16F7-4668-BE54-9A1E7A4F7556}") = "R5T.L0030.T000", "..\..\R5T.L0030\source\R5T.L0030.T000\R5T.L0030.T000.csproj", "{D04BDBEF-AA0B-46EA-BF2D-1D9AE67056C9}"
EndProject
Project("{9A19103F-16F7-4668-BE54-9A1E7A4F7556}") = "R5T.L0030", "..\..\R5T.L0030\source\R5T.L0030\R5T.L0030.csproj", "{CBC56480-CB71-42F5-97BC-71B20F8B7464}"
EndProject
Project("{9A19103F-16F7-4668-BE54-9A1E7A4F7556}") = "R5T.L0034", "..\..\R5T.L0034\source\R5T.L0034\R5T.L0034.csproj", "{6AA29094-FC1A-48ED-9450-7EFFD82294E2}"
EndProject
Project("{9A19103F-16F7-4668-BE54-9A1E7A4F7556}") = "R5T.L0035", "..\..\R5T.L0035\source\R5T.L0035\R5T.L0035.csproj", "{A9195FC2-E794-498E-BB76-AFC997080E3C}"
EndProject
Project("{9A19103F-16F7-4668-BE54-9A1E7A4F7556}") = "R5T.T0131", "..\..\R5T.T0131\source\R5T.T0131\R5T.T0131.csproj", "{418A27BD-4F97-4A89-BE2E-965F4A9C6269}"
EndProject
Project("{9A19103F-16F7-4668-BE54-9A1E7A4F7556}") = "R5T.T0132", "..\..\R5T.T0132\source\R5T.T0132\R5T.T0132.csproj", "{F51F515A-7E41-4A19-A857-9D745D81789F}"
EndProject
Project("{9A19103F-16F7-4668-BE54-9A1E7A4F7556}") = "R5T.T0142", "..\..\R5T.T0142\source\R5T.T0142\R5T.T0142.csproj", "{439174EB-98BE-4E25-8CD5-0E77C7105D0C}"
EndProject
Project("{9A19103F-16F7-4668-BE54-9A1E7A4F7556}") = "R5T.T0143", "..\..\R5T.T0143\source\R5T.T0143\R5T.T0143.csproj", "{D423A7BF-5B61-4DA5-B335-FD87B3402C16}"
EndProject
Project("{9A19103F-16F7-4668-BE54-9A1E7A4F7556}") = "R5T.T0156", "..\..\R5T.T0156\source\R5T.T0156\R5T.T0156.csproj", "{67AA9C09-61FC-4C86-A5D6-465B28BB3501}"
EndProject
Project("{9A19103F-16F7-4668-BE54-9A1E7A4F7556}") = "R5T.T0174", "..\..\R5T.T0174\source\R5T.T0174\R5T.T0174.csproj", "{876A4847-52C8-4681-8D0D-5357363941A6}"
EndProject
Project("{9A19103F-16F7-4668-BE54-9A1E7A4F7556}") = "R5T.T0176", "..\..\R5T.T0176\source\R5T.T0176\R5T.T0176.csproj", "{6789CD9C-F3A5-4A20-94CA-B491865E7B62}"
EndProject
Project("{9A19103F-16F7-4668-BE54-9A1E7A4F7556}") = "R5T.T0177", "..\..\R5T.T0177\source\R5T.T0177\R5T.T0177.csproj", "{EFD1B62C-9AE0-40A8-B309-F79C03D9150B}"
EndProject
Project("{9A19103F-16F7-4668-BE54-9A1E7A4F7556}") = "R5T.T0178", "..\..\R5T.T0178\source\R5T.T0178\R5T.T0178.csproj", "{5276D37A-84D3-43F2-8BC8-3AAD7318E5C6}"
EndProject
Project("{9A19103F-16F7-4668-BE54-9A1E7A4F7556}") = "R5T.T0179", "..\..\R5T.T0179\source\R5T.T0179\R5T.T0179.csproj", "{EFD34953-D33F-400C-B03F-B24E54D5ED18}"
EndProject
Project("{9A19103F-16F7-4668-BE54-9A1E7A4F7556}") = "R5T.T0180", "..\..\R5T.T0180\source\R5T.T0180\R5T.T0180.csproj", "{19F63D96-8FDF-4FA3-824E-54C866A9CD5D}"
EndProject
Project("{9A19103F-16F7-4668-BE54-9A1E7A4F7556}") = "R5T.T0181", "..\..\R5T.T0181\source\R5T.T0181\R5T.T0181.csproj", "{6C66E7A5-04C2-444D-9208-77F1BCE9649F}"
EndProject
Project("{9A19103F-16F7-4668-BE54-9A1E7A4F7556}") = "R5T.T0185", "..\..\R5T.T0185\source\R5T.T0185\R5T.T0185.csproj", "{58A0123D-03ED-44F3-8A65-82F79F0E1A8A}"
EndProject
Project("{9A19103F-16F7-4668-BE54-9A1E7A4F7556}") = "R5T.Y0000", "..\..\R5T.Y0000\source\R5T.Y0000\R5T.Y0000.csproj", "{6859884B-4367-46F2-9339-31790461AC2B}"
EndProject
Project("{9A19103F-16F7-4668-BE54-9A1E7A4F7556}") = "R5T.Z0000", "..\..\R5T.Z0000\source\R5T.Z0000\R5T.Z0000.csproj", "{00DBD137-8051-4D24-8255-D0D10297AD39}"
EndProject
Project("{9A19103F-16F7-4668-BE54-9A1E7A4F7556}") = "R5T.L0046.T000", "R5T.L0046.T000\R5T.L0046.T000.csproj", "{E447E8FA-BEC2-46D9-B1AB-6ADA9AA90856}"
EndProject
Project("{9A19103F-16F7-4668-BE54-9A1E7A4F7556}") = "R5T.L0046.X000", "R5T.L0046.X000\R5T.L0046.X000.csproj", "{598CC6F9-B896-41FC-A42A-B9EA031893D3}"
EndProject
Project("{9A19103F-16F7-4668-BE54-9A1E7A4F7556}") = "R5T.L0046.S000.Library", "R5T.L0046.S000.Library\R5T.L0046.S000.Library.csproj", "{24F06065-838F-40AC-B95A-1CECD57B8693}"
EndProject
Project("{9A19103F-16F7-4668-BE54-9A1E7A4F7556}") = "R5T.L0046.Q000", "R5T.L0046.Q000\R5T.L0046.Q000.csproj", "{573DE98C-8A40-4F0D-815F-54A11BF6D016}"
EndProject
Project("{9A19103F-16F7-4668-BE54-9A1E7A4F7556}") = "R5T.T0197", "..\..\R5T.T0197\source\R5T.T0197\R5T.T0197.csproj", "{26584D25-D3C1-451C-AB7A-50A6DF887FE2}"
EndProject
Project("{9A19103F-16F7-4668-BE54-9A1E7A4F7556}") = "R5T.L0043.T000", "..\..\R5T.L0043\source\R5T.L0043.T000\R5T.L0043.T000.csproj", "{D9AC691A-84CC-4883-A965-803F57589D11}"
EndProject
Project("{9A19103F-16F7-4668-BE54-9A1E7A4F7556}") = "R5T.L0043.F000", "..\..\R5T.L0043\source\R5T.L0043.F000\R5T.L0043.F000.csproj", "{54EF2720-79BB-4DC5-A325-DA9BBB462BB5}"
EndProject
Project("{9A19103F-16F7-4668-BE54-9A1E7A4F7556}") = "R5T.L0043.O001", "..\..\R5T.L0043\source\R5T.L0043.O001\R5T.L0043.O001.csproj", "{7E00702C-F08B-47B9-8038-1FD69F15CF47}"
EndProject
Project("{9A19103F-16F7-4668-BE54-9A1E7A4F7556}") = "R5T.L0043.Z000", "..\..\R5T.L0043\source\R5T.L0043.Z000\R5T.L0043.Z000.csproj", "{7A512305-F231-40AF-960E-9BB07F3984CF}"
EndProject
Project("{9A19103F-16F7-4668-BE54-9A1E7A4F7556}") = "R5T.L0043.Z002", "..\..\R5T.L0043\source\R5T.L0043.Z002\R5T.L0043.Z002.csproj", "{B7C59BC1-3197-4EC3-95E6-AB8DED82DA53}"
EndProject
Project("{9A19103F-16F7-4668-BE54-9A1E7A4F7556}") = "R5T.Z0047", "..\..\R5T.Z0047\source\R5T.Z0047\R5T.Z0047.csproj", "{0D7FCFFF-32AC-4242-87EF-A42AB2540CF2}"
EndProject
Project("{9A19103F-16F7-4668-BE54-9A1E7A4F7556}") = "R5T.L0043.O002", "..\..\R5T.L0043\source\R5T.L0043.O002\R5T.L0043.O002.csproj", "{B6548C56-BC6C-4591-8398-DAA855299AC1}"
EndProject
Project("{9A19103F-16F7-4668-BE54-9A1E7A4F7556}") = "R5T.L0032.T000", "..\..\R5T.L0032\source\R5T.L0032.T000\R5T.L0032.T000.csproj", "{8F52F64F-2A0A-42DD-BAFB-BE3A46B88A2B}"
EndProject
Project("{9A19103F-16F7-4668-BE54-9A1E7A4F7556}") = "R5T.T0150", "..\..\R5T.T0150\source\R5T.T0150\R5T.T0150.csproj", "{DC8E038C-C9C2-4806-8A38-C92151EEB441}"
EndProject
Project("{9A19103F-16F7-4668-BE54-9A1E7A4F7556}") = "R5T.T0151", "..\..\R5T.T0151\source\R5T.T0151\R5T.T0151.csproj", "{0607EE2C-94C8-4F38-A158-F3E626500700}"
EndProject
Project("{9A19103F-16F7-4668-BE54-9A1E7A4F7556}") = "R5T.T0161", "..\..\R5T.T0161\source\R5T.T0161\R5T.T0161.csproj", "{6487A025-3245-475D-BA43-210F40862E8D}"
EndProject
Project("{9A19103F-16F7-4668-BE54-9A1E7A4F7556}") = "R5T.T0172", "..\..\R5T.T0172\source\R5T.T0172\R5T.T0172.csproj", "{3A72F1B4-E80F-4C90-BF5E-3C6A50C78C71}"
EndProject
Project("{9A19103F-16F7-4668-BE54-9A1E7A4F7556}") = "R5T.T0184", "..\..\R5T.T0184\source\R5T.T0184\R5T.T0184.csproj", "{C8069FF3-9010-44F3-AE56-6F18906018A6}"
EndProject
Project("{9A19103F-16F7-4668-BE54-9A1E7A4F7556}") = "R5T.T0186", "..\..\R5T.T0186\source\R5T.T0186\R5T.T0186.csproj", "{2472FDE9-D250-466F-8B0E-0F590552A927}"
EndProject
Project("{9A19103F-16F7-4668-BE54-9A1E7A4F7556}") = "R5T.T0187", "..\..\R5T.T0187\source\R5T.T0187\R5T.T0187.csproj", "{7513A387-EBA7-4AC8-9EE3-D83E8FEDCCEC}"
EndProject
Project("{9A19103F-16F7-4668-BE54-9A1E7A4F7556}") = "R5T.T0196", "..\..\R5T.T0196\source\R5T.T0196\R5T.T0196.csproj", "{33E129D1-BF3C-429C-A776-3FF1CFD18F83}"
EndProject
Project("{9A19103F-16F7-4668-BE54-9A1E7A4F7556}") = "R5T.T0198", "..\..\R5T.T0198\source\R5T.T0198\R5T.T0198.csproj", "{91C0EDBB-450E-4D59-A300-B43110E8A676}"
EndProject
Project("{9A19103F-16F7-4668-BE54-9A1E7A4F7556}") = "R5T.Z0046", "..\..\R5T.Z0046\source\R5T.Z0046\R5T.Z0046.csproj", "{274963EB-3248-492B-A2BD-098B2C3B2F76}"
EndProject
Project("{9A19103F-16F7-4668-BE54-9A1E7A4F7556}") = "R5T.T0141", "..\..\R5T.T0141\source\R5T.T0141\R5T.T0141.csproj", "{DA82A093-5CF8-45CF-8953-45B69785AA61}"
EndProject
Global
	GlobalSection(NestedProjects) = preSolution
		{923AF6B5-E950-4447-AD25-7D58D7F00F3E} = {13019678-49A5-4466-B587-0FB497D5FFAD}
		{B91919D2-52A6-4004-8D9F-BC2B426DBBC1} = {13019678-49A5-4466-B587-0FB497D5FFAD}
		{215D3674-FA2E-4027-93EC-0B47626C6097} = {13019678-49A5-4466-B587-0FB497D5FFAD}
		{02445181-11A4-46C2-8762-FE87E860E962} = {13019678-49A5-4466-B587-0FB497D5FFAD}
		{982200CF-87F1-4BF1-9485-60286C8EAAA2} = {13019678-49A5-4466-B587-0FB497D5FFAD}
		{D04BDBEF-AA0B-46EA-BF2D-1D9AE67056C9} = {13019678-49A5-4466-B587-0FB497D5FFAD}
		{CBC56480-CB71-42F5-97BC-71B20F8B7464} = {13019678-49A5-4466-B587-0FB497D5FFAD}
		{6AA29094-FC1A-48ED-9450-7EFFD82294E2} = {13019678-49A5-4466-B587-0FB497D5FFAD}
		{A9195FC2-E794-498E-BB76-AFC997080E3C} = {13019678-49A5-4466-B587-0FB497D5FFAD}
		{418A27BD-4F97-4A89-BE2E-965F4A9C6269} = {13019678-49A5-4466-B587-0FB497D5FFAD}
		{F51F515A-7E41-4A19-A857-9D745D81789F} = {13019678-49A5-4466-B587-0FB497D5FFAD}
		{439174EB-98BE-4E25-8CD5-0E77C7105D0C} = {13019678-49A5-4466-B587-0FB497D5FFAD}
		{D423A7BF-5B61-4DA5-B335-FD87B3402C16} = {13019678-49A5-4466-B587-0FB497D5FFAD}
		{67AA9C09-61FC-4C86-A5D6-465B28BB3501} = {13019678-49A5-4466-B587-0FB497D5FFAD}
		{876A4847-52C8-4681-8D0D-5357363941A6} = {13019678-49A5-4466-B587-0FB497D5FFAD}
		{6789CD9C-F3A5-4A20-94CA-B491865E7B62} = {13019678-49A5-4466-B587-0FB497D5FFAD}
		{EFD1B62C-9AE0-40A8-B309-F79C03D9150B} = {13019678-49A5-4466-B587-0FB497D5FFAD}
		{5276D37A-84D3-43F2-8BC8-3AAD7318E5C6} = {13019678-49A5-4466-B587-0FB497D5FFAD}
		{EFD34953-D33F-400C-B03F-B24E54D5ED18} = {13019678-49A5-4466-B587-0FB497D5FFAD}
		{19F63D96-8FDF-4FA3-824E-54C866A9CD5D} = {13019678-49A5-4466-B587-0FB497D5FFAD}
		{6C66E7A5-04C2-444D-9208-77F1BCE9649F} = {13019678-49A5-4466-B587-0FB497D5FFAD}
		{58A0123D-03ED-44F3-8A65-82F79F0E1A8A} = {13019678-49A5-4466-B587-0FB497D5FFAD}
		{6859884B-4367-46F2-9339-31790461AC2B} = {13019678-49A5-4466-B587-0FB497D5FFAD}
		{00DBD137-8051-4D24-8255-D0D10297AD39} = {13019678-49A5-4466-B587-0FB497D5FFAD}
		{26584D25-D3C1-451C-AB7A-50A6DF887FE2} = {13019678-49A5-4466-B587-0FB497D5FFAD}
		{D9AC691A-84CC-4883-A965-803F57589D11} = {13019678-49A5-4466-B587-0FB497D5FFAD}
		{54EF2720-79BB-4DC5-A325-DA9BBB462BB5} = {13019678-49A5-4466-B587-0FB497D5FFAD}
		{7E00702C-F08B-47B9-8038-1FD69F15CF47} = {13019678-49A5-4466-B587-0FB497D5FFAD}
		{7A512305-F231-40AF-960E-9BB07F3984CF} = {13019678-49A5-4466-B587-0FB497D5FFAD}
		{B7C59BC1-3197-4EC3-95E6-AB8DED82DA53} = {13019678-49A5-4466-B587-0FB497D5FFAD}
		{0D7FCFFF-32AC-4242-87EF-A42AB2540CF2} = {13019678-49A5-4466-B587-0FB497D5FFAD}
		{B6548C56-BC6C-4591-8398-DAA855299AC1} = {13019678-49A5-4466-B587-0FB497D5FFAD}
		{8F52F64F-2A0A-42DD-BAFB-BE3A46B88A2B} = {13019678-49A5-4466-B587-0FB497D5FFAD}
		{DC8E038C-C9C2-4806-8A38-C92151EEB441} = {13019678-49A5-4466-B587-0FB497D5FFAD}
		{0607EE2C-94C8-4F38-A158-F3E626500700} = {13019678-49A5-4466-B587-0FB497D5FFAD}
		{6487A025-3245-475D-BA43-210F40862E8D} = {13019678-49A5-4466-B587-0FB497D5FFAD}
		{3A72F1B4-E80F-4C90-BF5E-3C6A50C78C71} = {13019678-49A5-4466-B587-0FB497D5FFAD}
		{C8069FF3-9010-44F3-AE56-6F18906018A6} = {13019678-49A5-4466-B587-0FB497D5FFAD}
		{2472FDE9-D250-466F-8B0E-0F590552A927} = {13019678-49A5-4466-B587-0FB497D5FFAD}
		{7513A387-EBA7-4AC8-9EE3-D83E8FEDCCEC} = {13019678-49A5-4466-B587-0FB497D5FFAD}
		{33E129D1-BF3C-429C-A776-3FF1CFD18F83} = {13019678-49A5-4466-B587-0FB497D5FFAD}
		{91C0EDBB-450E-4D59-A300-B43110E8A676} = {13019678-49A5-4466-B587-0FB497D5FFAD}
		{274963EB-3248-492B-A2BD-098B2C3B2F76} = {13019678-49A5-4466-B587-0FB497D5FFAD}
		{DA82A093-5CF8-45CF-8953-45B69785AA61} = {13019678-49A5-4466-B587-0FB497D5FFAD}
	EndGlobalSection
	GlobalSection(SolutionConfigurationPlatforms) = preSolution
		Debug|Any CPU = Debug|Any CPU
		Release|Any CPU = Release|Any CPU
	EndGlobalSection
	GlobalSection(ProjectConfigurationPlatforms) = postSolution
		{5846381A-EEE7-443E-9C46-CF627E7A378A}.Debug|Any CPU.ActiveCfg = Debug|Any CPU
		{5846381A-EEE7-443E-9C46-CF627E7A378A}.Debug|Any CPU.Build.0 = Debug|Any CPU
		{5846381A-EEE7-443E-9C46-CF627E7A378A}.Release|Any CPU.ActiveCfg = Release|Any CPU
		{5846381A-EEE7-443E-9C46-CF627E7A378A}.Release|Any CPU.Build.0 = Release|Any CPU
		{C7F2D1CE-FED6-4EA6-9BD3-754700026435}.Debug|Any CPU.ActiveCfg = Debug|Any CPU
		{C7F2D1CE-FED6-4EA6-9BD3-754700026435}.Debug|Any CPU.Build.0 = Debug|Any CPU
		{C7F2D1CE-FED6-4EA6-9BD3-754700026435}.Release|Any CPU.ActiveCfg = Release|Any CPU
		{C7F2D1CE-FED6-4EA6-9BD3-754700026435}.Release|Any CPU.Build.0 = Release|Any CPU
		{923AF6B5-E950-4447-AD25-7D58D7F00F3E}.Debug|Any CPU.ActiveCfg = Debug|Any CPU
		{923AF6B5-E950-4447-AD25-7D58D7F00F3E}.Debug|Any CPU.Build.0 = Debug|Any CPU
		{923AF6B5-E950-4447-AD25-7D58D7F00F3E}.Release|Any CPU.ActiveCfg = Release|Any CPU
		{923AF6B5-E950-4447-AD25-7D58D7F00F3E}.Release|Any CPU.Build.0 = Release|Any CPU
		{B91919D2-52A6-4004-8D9F-BC2B426DBBC1}.Debug|Any CPU.ActiveCfg = Debug|Any CPU
		{B91919D2-52A6-4004-8D9F-BC2B426DBBC1}.Debug|Any CPU.Build.0 = Debug|Any CPU
		{B91919D2-52A6-4004-8D9F-BC2B426DBBC1}.Release|Any CPU.ActiveCfg = Release|Any CPU
		{B91919D2-52A6-4004-8D9F-BC2B426DBBC1}.Release|Any CPU.Build.0 = Release|Any CPU
		{215D3674-FA2E-4027-93EC-0B47626C6097}.Debug|Any CPU.ActiveCfg = Debug|Any CPU
		{215D3674-FA2E-4027-93EC-0B47626C6097}.Debug|Any CPU.Build.0 = Debug|Any CPU
		{215D3674-FA2E-4027-93EC-0B47626C6097}.Release|Any CPU.ActiveCfg = Release|Any CPU
		{215D3674-FA2E-4027-93EC-0B47626C6097}.Release|Any CPU.Build.0 = Release|Any CPU
		{02445181-11A4-46C2-8762-FE87E860E962}.Debug|Any CPU.ActiveCfg = Debug|Any CPU
		{02445181-11A4-46C2-8762-FE87E860E962}.Debug|Any CPU.Build.0 = Debug|Any CPU
		{02445181-11A4-46C2-8762-FE87E860E962}.Release|Any CPU.ActiveCfg = Release|Any CPU
		{02445181-11A4-46C2-8762-FE87E860E962}.Release|Any CPU.Build.0 = Release|Any CPU
		{982200CF-87F1-4BF1-9485-60286C8EAAA2}.Debug|Any CPU.ActiveCfg = Debug|Any CPU
		{982200CF-87F1-4BF1-9485-60286C8EAAA2}.Debug|Any CPU.Build.0 = Debug|Any CPU
		{982200CF-87F1-4BF1-9485-60286C8EAAA2}.Release|Any CPU.ActiveCfg = Release|Any CPU
		{982200CF-87F1-4BF1-9485-60286C8EAAA2}.Release|Any CPU.Build.0 = Release|Any CPU
		{D04BDBEF-AA0B-46EA-BF2D-1D9AE67056C9}.Debug|Any CPU.ActiveCfg = Debug|Any CPU
		{D04BDBEF-AA0B-46EA-BF2D-1D9AE67056C9}.Debug|Any CPU.Build.0 = Debug|Any CPU
		{D04BDBEF-AA0B-46EA-BF2D-1D9AE67056C9}.Release|Any CPU.ActiveCfg = Release|Any CPU
		{D04BDBEF-AA0B-46EA-BF2D-1D9AE67056C9}.Release|Any CPU.Build.0 = Release|Any CPU
		{CBC56480-CB71-42F5-97BC-71B20F8B7464}.Debug|Any CPU.ActiveCfg = Debug|Any CPU
		{CBC56480-CB71-42F5-97BC-71B20F8B7464}.Debug|Any CPU.Build.0 = Debug|Any CPU
		{CBC56480-CB71-42F5-97BC-71B20F8B7464}.Release|Any CPU.ActiveCfg = Release|Any CPU
		{CBC56480-CB71-42F5-97BC-71B20F8B7464}.Release|Any CPU.Build.0 = Release|Any CPU
		{6AA29094-FC1A-48ED-9450-7EFFD82294E2}.Debug|Any CPU.ActiveCfg = Debug|Any CPU
		{6AA29094-FC1A-48ED-9450-7EFFD82294E2}.Debug|Any CPU.Build.0 = Debug|Any CPU
		{6AA29094-FC1A-48ED-9450-7EFFD82294E2}.Release|Any CPU.ActiveCfg = Release|Any CPU
		{6AA29094-FC1A-48ED-9450-7EFFD82294E2}.Release|Any CPU.Build.0 = Release|Any CPU
		{A9195FC2-E794-498E-BB76-AFC997080E3C}.Debug|Any CPU.ActiveCfg = Debug|Any CPU
		{A9195FC2-E794-498E-BB76-AFC997080E3C}.Debug|Any CPU.Build.0 = Debug|Any CPU
		{A9195FC2-E794-498E-BB76-AFC997080E3C}.Release|Any CPU.ActiveCfg = Release|Any CPU
		{A9195FC2-E794-498E-BB76-AFC997080E3C}.Release|Any CPU.Build.0 = Release|Any CPU
		{418A27BD-4F97-4A89-BE2E-965F4A9C6269}.Debug|Any CPU.ActiveCfg = Debug|Any CPU
		{418A27BD-4F97-4A89-BE2E-965F4A9C6269}.Debug|Any CPU.Build.0 = Debug|Any CPU
		{418A27BD-4F97-4A89-BE2E-965F4A9C6269}.Release|Any CPU.ActiveCfg = Release|Any CPU
		{418A27BD-4F97-4A89-BE2E-965F4A9C6269}.Release|Any CPU.Build.0 = Release|Any CPU
		{F51F515A-7E41-4A19-A857-9D745D81789F}.Debug|Any CPU.ActiveCfg = Debug|Any CPU
		{F51F515A-7E41-4A19-A857-9D745D81789F}.Debug|Any CPU.Build.0 = Debug|Any CPU
		{F51F515A-7E41-4A19-A857-9D745D81789F}.Release|Any CPU.ActiveCfg = Release|Any CPU
		{F51F515A-7E41-4A19-A857-9D745D81789F}.Release|Any CPU.Build.0 = Release|Any CPU
		{439174EB-98BE-4E25-8CD5-0E77C7105D0C}.Debug|Any CPU.ActiveCfg = Debug|Any CPU
		{439174EB-98BE-4E25-8CD5-0E77C7105D0C}.Debug|Any CPU.Build.0 = Debug|Any CPU
		{439174EB-98BE-4E25-8CD5-0E77C7105D0C}.Release|Any CPU.ActiveCfg = Release|Any CPU
		{439174EB-98BE-4E25-8CD5-0E77C7105D0C}.Release|Any CPU.Build.0 = Release|Any CPU
		{D423A7BF-5B61-4DA5-B335-FD87B3402C16}.Debug|Any CPU.ActiveCfg = Debug|Any CPU
		{D423A7BF-5B61-4DA5-B335-FD87B3402C16}.Debug|Any CPU.Build.0 = Debug|Any CPU
		{D423A7BF-5B61-4DA5-B335-FD87B3402C16}.Release|Any CPU.ActiveCfg = Release|Any CPU
		{D423A7BF-5B61-4DA5-B335-FD87B3402C16}.Release|Any CPU.Build.0 = Release|Any CPU
		{67AA9C09-61FC-4C86-A5D6-465B28BB3501}.Debug|Any CPU.ActiveCfg = Debug|Any CPU
		{67AA9C09-61FC-4C86-A5D6-465B28BB3501}.Debug|Any CPU.Build.0 = Debug|Any CPU
		{67AA9C09-61FC-4C86-A5D6-465B28BB3501}.Release|Any CPU.ActiveCfg = Release|Any CPU
		{67AA9C09-61FC-4C86-A5D6-465B28BB3501}.Release|Any CPU.Build.0 = Release|Any CPU
		{876A4847-52C8-4681-8D0D-5357363941A6}.Debug|Any CPU.ActiveCfg = Debug|Any CPU
		{876A4847-52C8-4681-8D0D-5357363941A6}.Debug|Any CPU.Build.0 = Debug|Any CPU
		{876A4847-52C8-4681-8D0D-5357363941A6}.Release|Any CPU.ActiveCfg = Release|Any CPU
		{876A4847-52C8-4681-8D0D-5357363941A6}.Release|Any CPU.Build.0 = Release|Any CPU
		{6789CD9C-F3A5-4A20-94CA-B491865E7B62}.Debug|Any CPU.ActiveCfg = Debug|Any CPU
		{6789CD9C-F3A5-4A20-94CA-B491865E7B62}.Debug|Any CPU.Build.0 = Debug|Any CPU
		{6789CD9C-F3A5-4A20-94CA-B491865E7B62}.Release|Any CPU.ActiveCfg = Release|Any CPU
		{6789CD9C-F3A5-4A20-94CA-B491865E7B62}.Release|Any CPU.Build.0 = Release|Any CPU
		{EFD1B62C-9AE0-40A8-B309-F79C03D9150B}.Debug|Any CPU.ActiveCfg = Debug|Any CPU
		{EFD1B62C-9AE0-40A8-B309-F79C03D9150B}.Debug|Any CPU.Build.0 = Debug|Any CPU
		{EFD1B62C-9AE0-40A8-B309-F79C03D9150B}.Release|Any CPU.ActiveCfg = Release|Any CPU
		{EFD1B62C-9AE0-40A8-B309-F79C03D9150B}.Release|Any CPU.Build.0 = Release|Any CPU
		{5276D37A-84D3-43F2-8BC8-3AAD7318E5C6}.Debug|Any CPU.ActiveCfg = Debug|Any CPU
		{5276D37A-84D3-43F2-8BC8-3AAD7318E5C6}.Debug|Any CPU.Build.0 = Debug|Any CPU
		{5276D37A-84D3-43F2-8BC8-3AAD7318E5C6}.Release|Any CPU.ActiveCfg = Release|Any CPU
		{5276D37A-84D3-43F2-8BC8-3AAD7318E5C6}.Release|Any CPU.Build.0 = Release|Any CPU
		{EFD34953-D33F-400C-B03F-B24E54D5ED18}.Debug|Any CPU.ActiveCfg = Debug|Any CPU
		{EFD34953-D33F-400C-B03F-B24E54D5ED18}.Debug|Any CPU.Build.0 = Debug|Any CPU
		{EFD34953-D33F-400C-B03F-B24E54D5ED18}.Release|Any CPU.ActiveCfg = Release|Any CPU
		{EFD34953-D33F-400C-B03F-B24E54D5ED18}.Release|Any CPU.Build.0 = Release|Any CPU
		{19F63D96-8FDF-4FA3-824E-54C866A9CD5D}.Debug|Any CPU.ActiveCfg = Debug|Any CPU
		{19F63D96-8FDF-4FA3-824E-54C866A9CD5D}.Debug|Any CPU.Build.0 = Debug|Any CPU
		{19F63D96-8FDF-4FA3-824E-54C866A9CD5D}.Release|Any CPU.ActiveCfg = Release|Any CPU
		{19F63D96-8FDF-4FA3-824E-54C866A9CD5D}.Release|Any CPU.Build.0 = Release|Any CPU
		{6C66E7A5-04C2-444D-9208-77F1BCE9649F}.Debug|Any CPU.ActiveCfg = Debug|Any CPU
		{6C66E7A5-04C2-444D-9208-77F1BCE9649F}.Debug|Any CPU.Build.0 = Debug|Any CPU
		{6C66E7A5-04C2-444D-9208-77F1BCE9649F}.Release|Any CPU.ActiveCfg = Release|Any CPU
		{6C66E7A5-04C2-444D-9208-77F1BCE9649F}.Release|Any CPU.Build.0 = Release|Any CPU
		{58A0123D-03ED-44F3-8A65-82F79F0E1A8A}.Debug|Any CPU.ActiveCfg = Debug|Any CPU
		{58A0123D-03ED-44F3-8A65-82F79F0E1A8A}.Debug|Any CPU.Build.0 = Debug|Any CPU
		{58A0123D-03ED-44F3-8A65-82F79F0E1A8A}.Release|Any CPU.ActiveCfg = Release|Any CPU
		{58A0123D-03ED-44F3-8A65-82F79F0E1A8A}.Release|Any CPU.Build.0 = Release|Any CPU
		{6859884B-4367-46F2-9339-31790461AC2B}.Debug|Any CPU.ActiveCfg = Debug|Any CPU
		{6859884B-4367-46F2-9339-31790461AC2B}.Debug|Any CPU.Build.0 = Debug|Any CPU
		{6859884B-4367-46F2-9339-31790461AC2B}.Release|Any CPU.ActiveCfg = Release|Any CPU
		{6859884B-4367-46F2-9339-31790461AC2B}.Release|Any CPU.Build.0 = Release|Any CPU
		{00DBD137-8051-4D24-8255-D0D10297AD39}.Debug|Any CPU.ActiveCfg = Debug|Any CPU
		{00DBD137-8051-4D24-8255-D0D10297AD39}.Debug|Any CPU.Build.0 = Debug|Any CPU
		{00DBD137-8051-4D24-8255-D0D10297AD39}.Release|Any CPU.ActiveCfg = Release|Any CPU
		{00DBD137-8051-4D24-8255-D0D10297AD39}.Release|Any CPU.Build.0 = Release|Any CPU
		{E447E8FA-BEC2-46D9-B1AB-6ADA9AA90856}.Debug|Any CPU.ActiveCfg = Debug|Any CPU
		{E447E8FA-BEC2-46D9-B1AB-6ADA9AA90856}.Debug|Any CPU.Build.0 = Debug|Any CPU
		{E447E8FA-BEC2-46D9-B1AB-6ADA9AA90856}.Release|Any CPU.ActiveCfg = Release|Any CPU
		{E447E8FA-BEC2-46D9-B1AB-6ADA9AA90856}.Release|Any CPU.Build.0 = Release|Any CPU
		{598CC6F9-B896-41FC-A42A-B9EA031893D3}.Debug|Any CPU.ActiveCfg = Debug|Any CPU
		{598CC6F9-B896-41FC-A42A-B9EA031893D3}.Debug|Any CPU.Build.0 = Debug|Any CPU
		{598CC6F9-B896-41FC-A42A-B9EA031893D3}.Release|Any CPU.ActiveCfg = Release|Any CPU
		{598CC6F9-B896-41FC-A42A-B9EA031893D3}.Release|Any CPU.Build.0 = Release|Any CPU
		{24F06065-838F-40AC-B95A-1CECD57B8693}.Debug|Any CPU.ActiveCfg = Debug|Any CPU
		{24F06065-838F-40AC-B95A-1CECD57B8693}.Debug|Any CPU.Build.0 = Debug|Any CPU
		{24F06065-838F-40AC-B95A-1CECD57B8693}.Release|Any CPU.ActiveCfg = Release|Any CPU
		{24F06065-838F-40AC-B95A-1CECD57B8693}.Release|Any CPU.Build.0 = Release|Any CPU
		{573DE98C-8A40-4F0D-815F-54A11BF6D016}.Debug|Any CPU.ActiveCfg = Debug|Any CPU
		{573DE98C-8A40-4F0D-815F-54A11BF6D016}.Debug|Any CPU.Build.0 = Debug|Any CPU
		{573DE98C-8A40-4F0D-815F-54A11BF6D016}.Release|Any CPU.ActiveCfg = Release|Any CPU
		{573DE98C-8A40-4F0D-815F-54A11BF6D016}.Release|Any CPU.Build.0 = Release|Any CPU
		{26584D25-D3C1-451C-AB7A-50A6DF887FE2}.Debug|Any CPU.ActiveCfg = Debug|Any CPU
		{26584D25-D3C1-451C-AB7A-50A6DF887FE2}.Debug|Any CPU.Build.0 = Debug|Any CPU
		{26584D25-D3C1-451C-AB7A-50A6DF887FE2}.Release|Any CPU.ActiveCfg = Release|Any CPU
		{26584D25-D3C1-451C-AB7A-50A6DF887FE2}.Release|Any CPU.Build.0 = Release|Any CPU
		{D9AC691A-84CC-4883-A965-803F57589D11}.Debug|Any CPU.ActiveCfg = Debug|Any CPU
		{D9AC691A-84CC-4883-A965-803F57589D11}.Debug|Any CPU.Build.0 = Debug|Any CPU
		{D9AC691A-84CC-4883-A965-803F57589D11}.Release|Any CPU.ActiveCfg = Release|Any CPU
		{D9AC691A-84CC-4883-A965-803F57589D11}.Release|Any CPU.Build.0 = Release|Any CPU
		{54EF2720-79BB-4DC5-A325-DA9BBB462BB5}.Debug|Any CPU.ActiveCfg = Debug|Any CPU
		{54EF2720-79BB-4DC5-A325-DA9BBB462BB5}.Debug|Any CPU.Build.0 = Debug|Any CPU
		{54EF2720-79BB-4DC5-A325-DA9BBB462BB5}.Release|Any CPU.ActiveCfg = Release|Any CPU
		{54EF2720-79BB-4DC5-A325-DA9BBB462BB5}.Release|Any CPU.Build.0 = Release|Any CPU
		{7E00702C-F08B-47B9-8038-1FD69F15CF47}.Debug|Any CPU.ActiveCfg = Debug|Any CPU
		{7E00702C-F08B-47B9-8038-1FD69F15CF47}.Debug|Any CPU.Build.0 = Debug|Any CPU
		{7E00702C-F08B-47B9-8038-1FD69F15CF47}.Release|Any CPU.ActiveCfg = Release|Any CPU
		{7E00702C-F08B-47B9-8038-1FD69F15CF47}.Release|Any CPU.Build.0 = Release|Any CPU
		{7A512305-F231-40AF-960E-9BB07F3984CF}.Debug|Any CPU.ActiveCfg = Debug|Any CPU
		{7A512305-F231-40AF-960E-9BB07F3984CF}.Debug|Any CPU.Build.0 = Debug|Any CPU
		{7A512305-F231-40AF-960E-9BB07F3984CF}.Release|Any CPU.ActiveCfg = Release|Any CPU
		{7A512305-F231-40AF-960E-9BB07F3984CF}.Release|Any CPU.Build.0 = Release|Any CPU
		{B7C59BC1-3197-4EC3-95E6-AB8DED82DA53}.Debug|Any CPU.ActiveCfg = Debug|Any CPU
		{B7C59BC1-3197-4EC3-95E6-AB8DED82DA53}.Debug|Any CPU.Build.0 = Debug|Any CPU
		{B7C59BC1-3197-4EC3-95E6-AB8DED82DA53}.Release|Any CPU.ActiveCfg = Release|Any CPU
		{B7C59BC1-3197-4EC3-95E6-AB8DED82DA53}.Release|Any CPU.Build.0 = Release|Any CPU
		{0D7FCFFF-32AC-4242-87EF-A42AB2540CF2}.Debug|Any CPU.ActiveCfg = Debug|Any CPU
		{0D7FCFFF-32AC-4242-87EF-A42AB2540CF2}.Debug|Any CPU.Build.0 = Debug|Any CPU
		{0D7FCFFF-32AC-4242-87EF-A42AB2540CF2}.Release|Any CPU.ActiveCfg = Release|Any CPU
		{0D7FCFFF-32AC-4242-87EF-A42AB2540CF2}.Release|Any CPU.Build.0 = Release|Any CPU
		{B6548C56-BC6C-4591-8398-DAA855299AC1}.Debug|Any CPU.ActiveCfg = Debug|Any CPU
		{B6548C56-BC6C-4591-8398-DAA855299AC1}.Debug|Any CPU.Build.0 = Debug|Any CPU
		{B6548C56-BC6C-4591-8398-DAA855299AC1}.Release|Any CPU.ActiveCfg = Release|Any CPU
		{B6548C56-BC6C-4591-8398-DAA855299AC1}.Release|Any CPU.Build.0 = Release|Any CPU
		{8F52F64F-2A0A-42DD-BAFB-BE3A46B88A2B}.Debug|Any CPU.ActiveCfg = Debug|Any CPU
		{8F52F64F-2A0A-42DD-BAFB-BE3A46B88A2B}.Debug|Any CPU.Build.0 = Debug|Any CPU
		{8F52F64F-2A0A-42DD-BAFB-BE3A46B88A2B}.Release|Any CPU.ActiveCfg = Release|Any CPU
		{8F52F64F-2A0A-42DD-BAFB-BE3A46B88A2B}.Release|Any CPU.Build.0 = Release|Any CPU
		{DC8E038C-C9C2-4806-8A38-C92151EEB441}.Debug|Any CPU.ActiveCfg = Debug|Any CPU
		{DC8E038C-C9C2-4806-8A38-C92151EEB441}.Debug|Any CPU.Build.0 = Debug|Any CPU
		{DC8E038C-C9C2-4806-8A38-C92151EEB441}.Release|Any CPU.ActiveCfg = Release|Any CPU
		{DC8E038C-C9C2-4806-8A38-C92151EEB441}.Release|Any CPU.Build.0 = Release|Any CPU
		{0607EE2C-94C8-4F38-A158-F3E626500700}.Debug|Any CPU.ActiveCfg = Debug|Any CPU
		{0607EE2C-94C8-4F38-A158-F3E626500700}.Debug|Any CPU.Build.0 = Debug|Any CPU
		{0607EE2C-94C8-4F38-A158-F3E626500700}.Release|Any CPU.ActiveCfg = Release|Any CPU
		{0607EE2C-94C8-4F38-A158-F3E626500700}.Release|Any CPU.Build.0 = Release|Any CPU
		{6487A025-3245-475D-BA43-210F40862E8D}.Debug|Any CPU.ActiveCfg = Debug|Any CPU
		{6487A025-3245-475D-BA43-210F40862E8D}.Debug|Any CPU.Build.0 = Debug|Any CPU
		{6487A025-3245-475D-BA43-210F40862E8D}.Release|Any CPU.ActiveCfg = Release|Any CPU
		{6487A025-3245-475D-BA43-210F40862E8D}.Release|Any CPU.Build.0 = Release|Any CPU
		{3A72F1B4-E80F-4C90-BF5E-3C6A50C78C71}.Debug|Any CPU.ActiveCfg = Debug|Any CPU
		{3A72F1B4-E80F-4C90-BF5E-3C6A50C78C71}.Debug|Any CPU.Build.0 = Debug|Any CPU
		{3A72F1B4-E80F-4C90-BF5E-3C6A50C78C71}.Release|Any CPU.ActiveCfg = Release|Any CPU
		{3A72F1B4-E80F-4C90-BF5E-3C6A50C78C71}.Release|Any CPU.Build.0 = Release|Any CPU
		{C8069FF3-9010-44F3-AE56-6F18906018A6}.Debug|Any CPU.ActiveCfg = Debug|Any CPU
		{C8069FF3-9010-44F3-AE56-6F18906018A6}.Debug|Any CPU.Build.0 = Debug|Any CPU
		{C8069FF3-9010-44F3-AE56-6F18906018A6}.Release|Any CPU.ActiveCfg = Release|Any CPU
		{C8069FF3-9010-44F3-AE56-6F18906018A6}.Release|Any CPU.Build.0 = Release|Any CPU
		{2472FDE9-D250-466F-8B0E-0F590552A927}.Debug|Any CPU.ActiveCfg = Debug|Any CPU
		{2472FDE9-D250-466F-8B0E-0F590552A927}.Debug|Any CPU.Build.0 = Debug|Any CPU
		{2472FDE9-D250-466F-8B0E-0F590552A927}.Release|Any CPU.ActiveCfg = Release|Any CPU
		{2472FDE9-D250-466F-8B0E-0F590552A927}.Release|Any CPU.Build.0 = Release|Any CPU
		{7513A387-EBA7-4AC8-9EE3-D83E8FEDCCEC}.Debug|Any CPU.ActiveCfg = Debug|Any CPU
		{7513A387-EBA7-4AC8-9EE3-D83E8FEDCCEC}.Debug|Any CPU.Build.0 = Debug|Any CPU
		{7513A387-EBA7-4AC8-9EE3-D83E8FEDCCEC}.Release|Any CPU.ActiveCfg = Release|Any CPU
		{7513A387-EBA7-4AC8-9EE3-D83E8FEDCCEC}.Release|Any CPU.Build.0 = Release|Any CPU
		{33E129D1-BF3C-429C-A776-3FF1CFD18F83}.Debug|Any CPU.ActiveCfg = Debug|Any CPU
		{33E129D1-BF3C-429C-A776-3FF1CFD18F83}.Debug|Any CPU.Build.0 = Debug|Any CPU
		{33E129D1-BF3C-429C-A776-3FF1CFD18F83}.Release|Any CPU.ActiveCfg = Release|Any CPU
		{33E129D1-BF3C-429C-A776-3FF1CFD18F83}.Release|Any CPU.Build.0 = Release|Any CPU
		{91C0EDBB-450E-4D59-A300-B43110E8A676}.Debug|Any CPU.ActiveCfg = Debug|Any CPU
		{91C0EDBB-450E-4D59-A300-B43110E8A676}.Debug|Any CPU.Build.0 = Debug|Any CPU
		{91C0EDBB-450E-4D59-A300-B43110E8A676}.Release|Any CPU.ActiveCfg = Release|Any CPU
		{91C0EDBB-450E-4D59-A300-B43110E8A676}.Release|Any CPU.Build.0 = Release|Any CPU
		{274963EB-3248-492B-A2BD-098B2C3B2F76}.Debug|Any CPU.ActiveCfg = Debug|Any CPU
		{274963EB-3248-492B-A2BD-098B2C3B2F76}.Debug|Any CPU.Build.0 = Debug|Any CPU
		{274963EB-3248-492B-A2BD-098B2C3B2F76}.Release|Any CPU.ActiveCfg = Release|Any CPU
		{274963EB-3248-492B-A2BD-098B2C3B2F76}.Release|Any CPU.Build.0 = Release|Any CPU
		{DA82A093-5CF8-45CF-8953-45B69785AA61}.Debug|Any CPU.ActiveCfg = Debug|Any CPU
		{DA82A093-5CF8-45CF-8953-45B69785AA61}.Debug|Any CPU.Build.0 = Debug|Any CPU
		{DA82A093-5CF8-45CF-8953-45B69785AA61}.Release|Any CPU.ActiveCfg = Release|Any CPU
		{DA82A093-5CF8-45CF-8953-45B69785AA61}.Release|Any CPU.Build.0 = Release|Any CPU
	EndGlobalSection
	GlobalSection(SolutionProperties) = preSolution
		HideSolutionNode = FALSE
	EndGlobalSection
	GlobalSection(ExtensibilityGlobals) = postSolution
		SolutionGuid = {D33B6856-9E21-4C79-861C-EC42E47B8E6D}
	EndGlobalSection
EndGlobal
