
Microsoft Visual Studio Solution File, Format Version 12.00
# Visual Studio Version 17
VisualStudioVersion = 17.2.32630.192
MinimumVisualStudioVersion = 10.0.40219.1
Project("{9A19103F-16F7-4668-BE54-9A1E7A4F7556}") = "R5T.L0046.Construction", "R5T.L0046.Construction\R5T.L0046.Construction.csproj", "{98F8731D-ED86-4566-B831-E6431455341B}"
EndProject
Project("{9A19103F-16F7-4668-BE54-9A1E7A4F7556}") = "R5T.L0046", "R5T.L0046\R5T.L0046.csproj", "{53C2F9C0-8B5C-4C26-B5A6-3AAEBD13B63B}"
EndProject
Global
	GlobalSection(SolutionConfigurationPlatforms) = preSolution
		Debug|Any CPU = Debug|Any CPU
		Release|Any CPU = Release|Any CPU
	EndGlobalSection
	GlobalSection(ProjectConfigurationPlatforms) = postSolution
		{98F8731D-ED86-4566-B831-E6431455341B}.Debug|Any CPU.ActiveCfg = Debug|Any CPU
		{98F8731D-ED86-4566-B831-E6431455341B}.Debug|Any CPU.Build.0 = Debug|Any CPU
		{98F8731D-ED86-4566-B831-E6431455341B}.Release|Any CPU.ActiveCfg = Release|Any CPU
		{98F8731D-ED86-4566-B831-E6431455341B}.Release|Any CPU.Build.0 = Release|Any CPU
		{53C2F9C0-8B5C-4C26-B5A6-3AAEBD13B63B}.Debug|Any CPU.ActiveCfg = Debug|Any CPU
		{53C2F9C0-8B5C-4C26-B5A6-3AAEBD13B63B}.Debug|Any CPU.Build.0 = Debug|Any CPU
		{53C2F9C0-8B5C-4C26-B5A6-3AAEBD13B63B}.Release|Any CPU.ActiveCfg = Release|Any CPU
		{53C2F9C0-8B5C-4C26-B5A6-3AAEBD13B63B}.Release|Any CPU.Build.0 = Release|Any CPU
	EndGlobalSection
	GlobalSection(SolutionProperties) = preSolution
		HideSolutionNode = FALSE
	EndGlobalSection
	GlobalSection(ExtensibilityGlobals) = postSolution
		SolutionGuid = {2182D0C2-1374-4DF2-BA2F-B3675A3A273D}
	EndGlobalSection
EndGlobal
